
Microsoft Visual Studio Solution File, Format Version 12.00
# Visual Studio Version 17
VisualStudioVersion = 17.0.31903.59
MinimumVisualStudioVersion = 10.0.40219.1
Project("{2150E333-8FDC-42A3-9474-1A3956D46DE8}") = "src", "src", "{827E0CD3-B72D-47B6-A68D-7590B98EB39B}"
EndProject
Project("{FAE04EC0-301F-11D3-BF4B-00C04F79EFBC}") = "FlowAccount.Domain", "src\FlowAccount.Domain\FlowAccount.Domain.csproj", "{2524EA21-AA02-4FC4-9C73-2A892119CF43}"
EndProject
Project("{FAE04EC0-301F-11D3-BF4B-00C04F79EFBC}") = "FlowAccount.Application", "src\FlowAccount.Application\FlowAccount.Application.csproj", "{72E9CA24-7BE3-4943-A662-177851BAA53A}"
EndProject
Project("{FAE04EC0-301F-11D3-BF4B-00C04F79EFBC}") = "FlowAccount.Infrastructure", "src\FlowAccount.Infrastructure\FlowAccount.Infrastructure.csproj", "{6DDEFB63-A569-4656-82C1-EDF829414393}"
EndProject
Project("{FAE04EC0-301F-11D3-BF4B-00C04F79EFBC}") = "FlowAccount.API", "src\FlowAccount.API\FlowAccount.API.csproj", "{F16C4FBA-6E70-4378-8A0A-94CDC97A2042}"
EndProject
Project("{2150E333-8FDC-42A3-9474-1A3956D46DE8}") = "tests", "tests", "{0AB3BF05-4346-4AA6-1389-037BE0695223}"
EndProject
Project("{FAE04EC0-301F-11D3-BF4B-00C04F79EFBC}") = "FlowAccount.Tests", "tests\FlowAccount.Tests\FlowAccount.Tests.csproj", "{A0EB2A70-7AC5-4C85-844A-F30425E04FA4}"
EndProject
Global
	GlobalSection(SolutionConfigurationPlatforms) = preSolution
		Debug|Any CPU = Debug|Any CPU
		Debug|x64 = Debug|x64
		Debug|x86 = Debug|x86
		Release|Any CPU = Release|Any CPU
		Release|x64 = Release|x64
		Release|x86 = Release|x86
	EndGlobalSection
	GlobalSection(ProjectConfigurationPlatforms) = postSolution
		{2524EA21-AA02-4FC4-9C73-2A892119CF43}.Debug|Any CPU.ActiveCfg = Debug|Any CPU
		{2524EA21-AA02-4FC4-9C73-2A892119CF43}.Debug|Any CPU.Build.0 = Debug|Any CPU
		{2524EA21-AA02-4FC4-9C73-2A892119CF43}.Debug|x64.ActiveCfg = Debug|Any CPU
		{2524EA21-AA02-4FC4-9C73-2A892119CF43}.Debug|x64.Build.0 = Debug|Any CPU
		{2524EA21-AA02-4FC4-9C73-2A892119CF43}.Debug|x86.ActiveCfg = Debug|Any CPU
		{2524EA21-AA02-4FC4-9C73-2A892119CF43}.Debug|x86.Build.0 = Debug|Any CPU
		{2524EA21-AA02-4FC4-9C73-2A892119CF43}.Release|Any CPU.ActiveCfg = Release|Any CPU
		{2524EA21-AA02-4FC4-9C73-2A892119CF43}.Release|Any CPU.Build.0 = Release|Any CPU
		{2524EA21-AA02-4FC4-9C73-2A892119CF43}.Release|x64.ActiveCfg = Release|Any CPU
		{2524EA21-AA02-4FC4-9C73-2A892119CF43}.Release|x64.Build.0 = Release|Any CPU
		{2524EA21-AA02-4FC4-9C73-2A892119CF43}.Release|x86.ActiveCfg = Release|Any CPU
		{2524EA21-AA02-4FC4-9C73-2A892119CF43}.Release|x86.Build.0 = Release|Any CPU
		{72E9CA24-7BE3-4943-A662-177851BAA53A}.Debug|Any CPU.ActiveCfg = Debug|Any CPU
		{72E9CA24-7BE3-4943-A662-177851BAA53A}.Debug|Any CPU.Build.0 = Debug|Any CPU
		{72E9CA24-7BE3-4943-A662-177851BAA53A}.Debug|x64.ActiveCfg = Debug|Any CPU
		{72E9CA24-7BE3-4943-A662-177851BAA53A}.Debug|x64.Build.0 = Debug|Any CPU
		{72E9CA24-7BE3-4943-A662-177851BAA53A}.Debug|x86.ActiveCfg = Debug|Any CPU
		{72E9CA24-7BE3-4943-A662-177851BAA53A}.Debug|x86.Build.0 = Debug|Any CPU
		{72E9CA24-7BE3-4943-A662-177851BAA53A}.Release|Any CPU.ActiveCfg = Release|Any CPU
		{72E9CA24-7BE3-4943-A662-177851BAA53A}.Release|Any CPU.Build.0 = Release|Any CPU
		{72E9CA24-7BE3-4943-A662-177851BAA53A}.Release|x64.ActiveCfg = Release|Any CPU
		{72E9CA24-7BE3-4943-A662-177851BAA53A}.Release|x64.Build.0 = Release|Any CPU
		{72E9CA24-7BE3-4943-A662-177851BAA53A}.Release|x86.ActiveCfg = Release|Any CPU
		{72E9CA24-7BE3-4943-A662-177851BAA53A}.Release|x86.Build.0 = Release|Any CPU
		{6DDEFB63-A569-4656-82C1-EDF829414393}.Debug|Any CPU.ActiveCfg = Debug|Any CPU
		{6DDEFB63-A569-4656-82C1-EDF829414393}.Debug|Any CPU.Build.0 = Debug|Any CPU
		{6DDEFB63-A569-4656-82C1-EDF829414393}.Debug|x64.ActiveCfg = Debug|Any CPU
		{6DDEFB63-A569-4656-82C1-EDF829414393}.Debug|x64.Build.0 = Debug|Any CPU
		{6DDEFB63-A569-4656-82C1-EDF829414393}.Debug|x86.ActiveCfg = Debug|Any CPU
		{6DDEFB63-A569-4656-82C1-EDF829414393}.Debug|x86.Build.0 = Debug|Any CPU
		{6DDEFB63-A569-4656-82C1-EDF829414393}.Release|Any CPU.ActiveCfg = Release|Any CPU
		{6DDEFB63-A569-4656-82C1-EDF829414393}.Release|Any CPU.Build.0 = Release|Any CPU
		{6DDEFB63-A569-4656-82C1-EDF829414393}.Release|x64.ActiveCfg = Release|Any CPU
		{6DDEFB63-A569-4656-82C1-EDF829414393}.Release|x64.Build.0 = Release|Any CPU
		{6DDEFB63-A569-4656-82C1-EDF829414393}.Release|x86.ActiveCfg = Release|Any CPU
		{6DDEFB63-A569-4656-82C1-EDF829414393}.Release|x86.Build.0 = Release|Any CPU
		{F16C4FBA-6E70-4378-8A0A-94CDC97A2042}.Debug|Any CPU.ActiveCfg = Debug|Any CPU
		{F16C4FBA-6E70-4378-8A0A-94CDC97A2042}.Debug|Any CPU.Build.0 = Debug|Any CPU
		{F16C4FBA-6E70-4378-8A0A-94CDC97A2042}.Debug|x64.ActiveCfg = Debug|Any CPU
		{F16C4FBA-6E70-4378-8A0A-94CDC97A2042}.Debug|x64.Build.0 = Debug|Any CPU
		{F16C4FBA-6E70-4378-8A0A-94CDC97A2042}.Debug|x86.ActiveCfg = Debug|Any CPU
		{F16C4FBA-6E70-4378-8A0A-94CDC97A2042}.Debug|x86.Build.0 = Debug|Any CPU
		{F16C4FBA-6E70-4378-8A0A-94CDC97A2042}.Release|Any CPU.ActiveCfg = Release|Any CPU
		{F16C4FBA-6E70-4378-8A0A-94CDC97A2042}.Release|Any CPU.Build.0 = Release|Any CPU
		{F16C4FBA-6E70-4378-8A0A-94CDC97A2042}.Release|x64.ActiveCfg = Release|Any CPU
		{F16C4FBA-6E70-4378-8A0A-94CDC97A2042}.Release|x64.Build.0 = Release|Any CPU
		{F16C4FBA-6E70-4378-8A0A-94CDC97A2042}.Release|x86.ActiveCfg = Release|Any CPU
		{F16C4FBA-6E70-4378-8A0A-94CDC97A2042}.Release|x86.Build.0 = Release|Any CPU
		{A0EB2A70-7AC5-4C85-844A-F30425E04FA4}.Debug|Any CPU.ActiveCfg = Debug|Any CPU
		{A0EB2A70-7AC5-4C85-844A-F30425E04FA4}.Debug|Any CPU.Build.0 = Debug|Any CPU
		{A0EB2A70-7AC5-4C85-844A-F30425E04FA4}.Debug|x64.ActiveCfg = Debug|Any CPU
		{A0EB2A70-7AC5-4C85-844A-F30425E04FA4}.Debug|x64.Build.0 = Debug|Any CPU
		{A0EB2A70-7AC5-4C85-844A-F30425E04FA4}.Debug|x86.ActiveCfg = Debug|Any CPU
		{A0EB2A70-7AC5-4C85-844A-F30425E04FA4}.Debug|x86.Build.0 = Debug|Any CPU
		{A0EB2A70-7AC5-4C85-844A-F30425E04FA4}.Release|Any CPU.ActiveCfg = Release|Any CPU
		{A0EB2A70-7AC5-4C85-844A-F30425E04FA4}.Release|Any CPU.Build.0 = Release|Any CPU
		{A0EB2A70-7AC5-4C85-844A-F30425E04FA4}.Release|x64.ActiveCfg = Release|Any CPU
		{A0EB2A70-7AC5-4C85-844A-F30425E04FA4}.Release|x64.Build.0 = Release|Any CPU
		{A0EB2A70-7AC5-4C85-844A-F30425E04FA4}.Release|x86.ActiveCfg = Release|Any CPU
		{A0EB2A70-7AC5-4C85-844A-F30425E04FA4}.Release|x86.Build.0 = Release|Any CPU
	EndGlobalSection
	GlobalSection(SolutionProperties) = preSolution
		HideSolutionNode = FALSE
	EndGlobalSection
	GlobalSection(NestedProjects) = preSolution
		{2524EA21-AA02-4FC4-9C73-2A892119CF43} = {827E0CD3-B72D-47B6-A68D-7590B98EB39B}
		{72E9CA24-7BE3-4943-A662-177851BAA53A} = {827E0CD3-B72D-47B6-A68D-7590B98EB39B}
		{6DDEFB63-A569-4656-82C1-EDF829414393} = {827E0CD3-B72D-47B6-A68D-7590B98EB39B}
		{F16C4FBA-6E70-4378-8A0A-94CDC97A2042} = {827E0CD3-B72D-47B6-A68D-7590B98EB39B}
		{A0EB2A70-7AC5-4C85-844A-F30425E04FA4} = {0AB3BF05-4346-4AA6-1389-037BE0695223}
	EndGlobalSection
EndGlobal
